// !$*UTF8*$!
{
	archiveVersion = 1;
	classes = {
	};
	objectVersion = 46;
	objects = {

/* Begin PBXBuildFile section */
		00E356F31AD99517003FC87E /* TidngzTests.m in Sources */ = {isa = PBXBuildFile; fileRef = 00E356F21AD99517003FC87E /* TidngzTests.m */; };
		0F713351CDB6472EA2DFB57B /* Sacramento-Regular.ttf in Resources */ = {isa = PBXBuildFile; fileRef = 359B9AE4490B4208BCD84355 /* Sacramento-Regular.ttf */; };
		1001E4EC774842419694DDCD /* CinzelDecorative-Black.ttf in Resources */ = {isa = PBXBuildFile; fileRef = 9839507F0E5A427B8088640B /* CinzelDecorative-Black.ttf */; };
		13B07FBC1A68108700A75B9A /* AppDelegate.m in Sources */ = {isa = PBXBuildFile; fileRef = 13B07FB01A68108700A75B9A /* AppDelegate.m */; };
		13B07FBD1A68108700A75B9A /* LaunchScreen.xib in Resources */ = {isa = PBXBuildFile; fileRef = 13B07FB11A68108700A75B9A /* LaunchScreen.xib */; };
		13B07FBF1A68108700A75B9A /* Images.xcassets in Resources */ = {isa = PBXBuildFile; fileRef = 13B07FB51A68108700A75B9A /* Images.xcassets */; };
		13B07FC11A68108700A75B9A /* main.m in Sources */ = {isa = PBXBuildFile; fileRef = 13B07FB71A68108700A75B9A /* main.m */; };
		2D02E4BC1E0B4A80006451C7 /* AppDelegate.m in Sources */ = {isa = PBXBuildFile; fileRef = 13B07FB01A68108700A75B9A /* AppDelegate.m */; };
		2D02E4BD1E0B4A84006451C7 /* Images.xcassets in Resources */ = {isa = PBXBuildFile; fileRef = 13B07FB51A68108700A75B9A /* Images.xcassets */; };
		2D02E4BF1E0B4AB3006451C7 /* main.m in Sources */ = {isa = PBXBuildFile; fileRef = 13B07FB71A68108700A75B9A /* main.m */; };
		2D16E6881FA4F8E400B85C8A /* libReact.a in Frameworks */ = {isa = PBXBuildFile; fileRef = 2D16E6891FA4F8E400B85C8A /* libReact.a */; };
		2DCD954D1E0B4F2C00145EB5 /* TidngzTests.m in Sources */ = {isa = PBXBuildFile; fileRef = 00E356F21AD99517003FC87E /* TidngzTests.m */; };
		34C88DFB16F94C9AA85D71AD /* icomoon.ttf in Resources */ = {isa = PBXBuildFile; fileRef = 6EEA0C805D5F41B6A7FC56F0 /* icomoon.ttf */; };
		49946F14C60341C5872C5B49 /* Bitter-Regular.ttf in Resources */ = {isa = PBXBuildFile; fileRef = 5B820813902645A7A69B3EDA /* Bitter-Regular.ttf */; };
		58782B87CAFA40C49EEF0308 /* Cinzel-Bold.ttf in Resources */ = {isa = PBXBuildFile; fileRef = 73CC87AEE24F4AF7B6C099A3 /* Cinzel-Bold.ttf */; };
		673DDC5309834DD8B98B300E /* Cinzel-Black.ttf in Resources */ = {isa = PBXBuildFile; fileRef = 05D754CB71DE4DCBA3030285 /* Cinzel-Black.ttf */; };
		6B3657BDA2E64AC291C7D8C8 /* CormorantUpright-Bold.ttf in Resources */ = {isa = PBXBuildFile; fileRef = E84C2C90CC434F9489CACEED /* CormorantUpright-Bold.ttf */; };
		6DDE06D4B291444EBC3C1A89 /* Monoton-Regular.ttf in Resources */ = {isa = PBXBuildFile; fileRef = EB682FEE77AB45FF8AD5C75B /* Monoton-Regular.ttf */; };
		751391BA94BE4121918F8340 /* CaveatBrush-Regular.ttf in Resources */ = {isa = PBXBuildFile; fileRef = 15848A431FAA42E19B5A6BB9 /* CaveatBrush-Regular.ttf */; };
		7C3F991F7D7846F2836F3313 /* CinzelDecorative-Regular.ttf in Resources */ = {isa = PBXBuildFile; fileRef = DFFFA1CC4D66449793D3EAC6 /* CinzelDecorative-Regular.ttf */; };
		7C6F3ED053414F79A55C9D09 /* CormorantUpright-Regular.ttf in Resources */ = {isa = PBXBuildFile; fileRef = 2E06A483500C4B1B9AC99E74 /* CormorantUpright-Regular.ttf */; };
		8069B179224F253B00F94B88 /* icon.png in Resources */ = {isa = PBXBuildFile; fileRef = 8069B178224F253B00F94B88 /* icon.png */; };
		80FAB7062214BCB400597400 /* DVEffects in Resources */ = {isa = PBXBuildFile; fileRef = 80FAB6D92214BCB400597400 /* DVEffects */; };
		81F0B38BD039E9D6C8EABDB5 /* libPods-Tidngz-tvOS.a in Frameworks */ = {isa = PBXBuildFile; fileRef = 2D7C629B07D616DFFEA858B8 /* libPods-Tidngz-tvOS.a */; };
		82028F4F6E104FA696655180 /* Nunito-Regular.ttf in Resources */ = {isa = PBXBuildFile; fileRef = 3CC1F1F13DAD4774A68BC309 /* Nunito-Regular.ttf */; };
		82174712B428D65BCD192A69 /* libPods-Tidngz-tvOSTests.a in Frameworks */ = {isa = PBXBuildFile; fileRef = ACA9CE29E9BD5495BA8142C4 /* libPods-Tidngz-tvOSTests.a */; };
		A950A085AF26783863330457 /* libPods-TidngzTests.a in Frameworks */ = {isa = PBXBuildFile; fileRef = 15C0D330087DF8D1CA12EDEB /* libPods-TidngzTests.a */; };
		B88DE79D14734C2AB99D23C5 /* Mali-Regular.ttf in Resources */ = {isa = PBXBuildFile; fileRef = C8A2FB8E3C5E483DA5809960 /* Mali-Regular.ttf */; };
		C15FE6B6413F4D67BB3EB87F /* CinzelDecorative-Bold.ttf in Resources */ = {isa = PBXBuildFile; fileRef = 331D0155EF4E4ED796EDB572 /* CinzelDecorative-Bold.ttf */; };
		C31663D0E9184A779EBD562C /* Merienda-Regular.ttf in Resources */ = {isa = PBXBuildFile; fileRef = 8D41D8D3D9CE4F1081D6E9E6 /* Merienda-Regular.ttf */; };
		CD96AD9E7606402FA198395E /* Cinzel-Regular.ttf in Resources */ = {isa = PBXBuildFile; fileRef = 94E817F2240040D3B0561F64 /* Cinzel-Regular.ttf */; };
		D3B51E392E134234BAF30EF0 /* Cormorant-Regular.ttf in Resources */ = {isa = PBXBuildFile; fileRef = DDF56AE1823A4F21967D2076 /* Cormorant-Regular.ttf */; };
		D7F06FC635084F8582A7EEF4 /* KumarOneOutline-Regular.ttf in Resources */ = {isa = PBXBuildFile; fileRef = FB32862784DC493DB28DDD9B /* KumarOneOutline-Regular.ttf */; };
		E46D348414673E002E45A78A /* libPods-Tidngz.a in Frameworks */ = {isa = PBXBuildFile; fileRef = F63AC058D05717F3A5E725DC /* libPods-Tidngz.a */; };
		E6EABCC9B55240EBB065A77F /* Lato-Regular.ttf in Resources */ = {isa = PBXBuildFile; fileRef = 2FFEA111A63A4860AF0CAE90 /* Lato-Regular.ttf */; };
		E93079455ADF43F8BB2F08A4 /* Lato-Italic.ttf in Resources */ = {isa = PBXBuildFile; fileRef = 569E8E383C034EECB04C4E26 /* Lato-Italic.ttf */; };
		E96EC322183A400FB9F0F9BA /* Bitter-Bold.ttf in Resources */ = {isa = PBXBuildFile; fileRef = CE4A00450F1E4FE7A7899CF4 /* Bitter-Bold.ttf */; };
		EC44E7468B5249EF9212638A /* Charmonman-Regular.ttf in Resources */ = {isa = PBXBuildFile; fileRef = DBE48AD727B045F6BCDECE48 /* Charmonman-Regular.ttf */; };
		ED297163215061F000B7C4FE /* JavaScriptCore.framework in Frameworks */ = {isa = PBXBuildFile; fileRef = ED297162215061F000B7C4FE /* JavaScriptCore.framework */; };
		ED2971652150620600B7C4FE /* JavaScriptCore.framework in Frameworks */ = {isa = PBXBuildFile; fileRef = ED2971642150620600B7C4FE /* JavaScriptCore.framework */; };
		F0A70A679105468A8E5E4B14 /* Montez-Regular.ttf in Resources */ = {isa = PBXBuildFile; fileRef = 0FC5FC151F64445A83A28AE1 /* Montez-Regular.ttf */; };
		F963279F2E644B59A83276B7 /* icoFont.ttf in Resources */ = {isa = PBXBuildFile; fileRef = 1B3DC5C8D85D4EBCAAF59399 /* icoFont.ttf */; };
/* End PBXBuildFile section */

/* Begin PBXContainerItemProxy section */
		00E356F41AD99517003FC87E /* PBXContainerItemProxy */ = {
			isa = PBXContainerItemProxy;
			containerPortal = 83CBB9F71A601CBA00E9B192 /* Project object */;
			proxyType = 1;
			remoteGlobalIDString = 13B07F861A680F5B00A75B9A;
			remoteInfo = Tidngz;
		};
		2D02E4911E0B4A5D006451C7 /* PBXContainerItemProxy */ = {
			isa = PBXContainerItemProxy;
			containerPortal = 83CBB9F71A601CBA00E9B192 /* Project object */;
			proxyType = 1;
			remoteGlobalIDString = 2D02E47A1E0B4A5D006451C7;
			remoteInfo = "Tidngz-tvOS";
		};
		800D4DF622E9D818006AE9EF /* PBXContainerItemProxy */ = {
			isa = PBXContainerItemProxy;
			containerPortal = 990CBDAABE1240BA843F74AA /* RNCWebView.xcodeproj */;
			proxyType = 2;
			remoteGlobalIDString = 134814201AA4EA6300B7C361;
			remoteInfo = RNCWebView;
		};
/* End PBXContainerItemProxy section */

/* Begin PBXFileReference section */
		008F07F21AC5B25A0029DE68 /* main.jsbundle */ = {isa = PBXFileReference; fileEncoding = 4; lastKnownFileType = text; path = main.jsbundle; sourceTree = "<group>"; };
		00E356EE1AD99517003FC87E /* TidngzTests.xctest */ = {isa = PBXFileReference; explicitFileType = wrapper.cfbundle; includeInIndex = 0; path = TidngzTests.xctest; sourceTree = BUILT_PRODUCTS_DIR; };
		00E356F11AD99517003FC87E /* Info.plist */ = {isa = PBXFileReference; lastKnownFileType = text.plist.xml; path = Info.plist; sourceTree = "<group>"; };
		00E356F21AD99517003FC87E /* TidngzTests.m */ = {isa = PBXFileReference; lastKnownFileType = sourcecode.c.objc; path = TidngzTests.m; sourceTree = "<group>"; };
		05D754CB71DE4DCBA3030285 /* Cinzel-Black.ttf */ = {isa = PBXFileReference; explicitFileType = undefined; fileEncoding = 9; includeInIndex = 0; lastKnownFileType = unknown; name = "Cinzel-Black.ttf"; path = "../assets/fonts/Cinzel-Black.ttf"; sourceTree = "<group>"; };
		0FC5FC151F64445A83A28AE1 /* Montez-Regular.ttf */ = {isa = PBXFileReference; explicitFileType = undefined; fileEncoding = 9; includeInIndex = 0; lastKnownFileType = unknown; name = "Montez-Regular.ttf"; path = "../assets/fonts/Montez-Regular.ttf"; sourceTree = "<group>"; };
		13B07F961A680F5B00A75B9A /* Tidngz.app */ = {isa = PBXFileReference; explicitFileType = wrapper.application; includeInIndex = 0; path = Tidngz.app; sourceTree = BUILT_PRODUCTS_DIR; };
		13B07FAF1A68108700A75B9A /* AppDelegate.h */ = {isa = PBXFileReference; fileEncoding = 4; lastKnownFileType = sourcecode.c.h; name = AppDelegate.h; path = Tidngz/AppDelegate.h; sourceTree = "<group>"; };
		13B07FB01A68108700A75B9A /* AppDelegate.m */ = {isa = PBXFileReference; fileEncoding = 4; lastKnownFileType = sourcecode.c.objc; name = AppDelegate.m; path = Tidngz/AppDelegate.m; sourceTree = "<group>"; };
		13B07FB21A68108700A75B9A /* Base */ = {isa = PBXFileReference; lastKnownFileType = file.xib; name = Base; path = Base.lproj/LaunchScreen.xib; sourceTree = "<group>"; };
		13B07FB51A68108700A75B9A /* Images.xcassets */ = {isa = PBXFileReference; lastKnownFileType = folder.assetcatalog; name = Images.xcassets; path = Tidngz/Images.xcassets; sourceTree = "<group>"; };
		13B07FB61A68108700A75B9A /* Info.plist */ = {isa = PBXFileReference; fileEncoding = 4; lastKnownFileType = text.plist.xml; name = Info.plist; path = Tidngz/Info.plist; sourceTree = "<group>"; };
		13B07FB71A68108700A75B9A /* main.m */ = {isa = PBXFileReference; fileEncoding = 4; lastKnownFileType = sourcecode.c.objc; name = main.m; path = Tidngz/main.m; sourceTree = "<group>"; };
		15848A431FAA42E19B5A6BB9 /* CaveatBrush-Regular.ttf */ = {isa = PBXFileReference; explicitFileType = undefined; fileEncoding = 9; includeInIndex = 0; lastKnownFileType = unknown; name = "CaveatBrush-Regular.ttf"; path = "../assets/fonts/CaveatBrush-Regular.ttf"; sourceTree = "<group>"; };
		15C0D330087DF8D1CA12EDEB /* libPods-TidngzTests.a */ = {isa = PBXFileReference; explicitFileType = archive.ar; includeInIndex = 0; path = "libPods-TidngzTests.a"; sourceTree = BUILT_PRODUCTS_DIR; };
		1AD68E443BB399905B4CDB66 /* Pods-Tidngz-tvOSTests.release.xcconfig */ = {isa = PBXFileReference; includeInIndex = 1; lastKnownFileType = text.xcconfig; name = "Pods-Tidngz-tvOSTests.release.xcconfig"; path = "Target Support Files/Pods-Tidngz-tvOSTests/Pods-Tidngz-tvOSTests.release.xcconfig"; sourceTree = "<group>"; };
		1B3DC5C8D85D4EBCAAF59399 /* icoFont.ttf */ = {isa = PBXFileReference; explicitFileType = undefined; fileEncoding = 9; includeInIndex = 0; lastKnownFileType = unknown; name = icoFont.ttf; path = ../assets/fonts/icoFont.ttf; sourceTree = "<group>"; };
		1CE73FA8B76640A4AAA5AD10 /* libRNCWebView.a */ = {isa = PBXFileReference; explicitFileType = undefined; fileEncoding = 9; includeInIndex = 0; lastKnownFileType = archive.ar; path = libRNCWebView.a; sourceTree = "<group>"; };
		2D02E47B1E0B4A5D006451C7 /* Tidngz-tvOS.app */ = {isa = PBXFileReference; explicitFileType = wrapper.application; includeInIndex = 0; path = "Tidngz-tvOS.app"; sourceTree = BUILT_PRODUCTS_DIR; };
		2D02E4901E0B4A5D006451C7 /* Tidngz-tvOSTests.xctest */ = {isa = PBXFileReference; explicitFileType = wrapper.cfbundle; includeInIndex = 0; path = "Tidngz-tvOSTests.xctest"; sourceTree = BUILT_PRODUCTS_DIR; };
		2D16E6891FA4F8E400B85C8A /* libReact.a */ = {isa = PBXFileReference; explicitFileType = archive.ar; path = libReact.a; sourceTree = BUILT_PRODUCTS_DIR; };
		2D7C629B07D616DFFEA858B8 /* libPods-Tidngz-tvOS.a */ = {isa = PBXFileReference; explicitFileType = archive.ar; includeInIndex = 0; path = "libPods-Tidngz-tvOS.a"; sourceTree = BUILT_PRODUCTS_DIR; };
		2E06A483500C4B1B9AC99E74 /* CormorantUpright-Regular.ttf */ = {isa = PBXFileReference; explicitFileType = undefined; fileEncoding = 9; includeInIndex = 0; lastKnownFileType = unknown; name = "CormorantUpright-Regular.ttf"; path = "../assets/fonts/CormorantUpright-Regular.ttf"; sourceTree = "<group>"; };
		2FFEA111A63A4860AF0CAE90 /* Lato-Regular.ttf */ = {isa = PBXFileReference; explicitFileType = undefined; fileEncoding = 9; includeInIndex = 0; lastKnownFileType = unknown; name = "Lato-Regular.ttf"; path = "../assets/fonts/Lato-Regular.ttf"; sourceTree = "<group>"; };
		331D0155EF4E4ED796EDB572 /* CinzelDecorative-Bold.ttf */ = {isa = PBXFileReference; explicitFileType = undefined; fileEncoding = 9; includeInIndex = 0; lastKnownFileType = unknown; name = "CinzelDecorative-Bold.ttf"; path = "../assets/fonts/CinzelDecorative-Bold.ttf"; sourceTree = "<group>"; };
		359B9AE4490B4208BCD84355 /* Sacramento-Regular.ttf */ = {isa = PBXFileReference; explicitFileType = undefined; fileEncoding = 9; includeInIndex = 0; lastKnownFileType = unknown; name = "Sacramento-Regular.ttf"; path = "../assets/fonts/Sacramento-Regular.ttf"; sourceTree = "<group>"; };
		3AE4B9CA548F73FBDE047D8B /* Pods-Tidngz-tvOS.release.xcconfig */ = {isa = PBXFileReference; includeInIndex = 1; lastKnownFileType = text.xcconfig; name = "Pods-Tidngz-tvOS.release.xcconfig"; path = "Target Support Files/Pods-Tidngz-tvOS/Pods-Tidngz-tvOS.release.xcconfig"; sourceTree = "<group>"; };
		3CC1F1F13DAD4774A68BC309 /* Nunito-Regular.ttf */ = {isa = PBXFileReference; explicitFileType = undefined; fileEncoding = 9; includeInIndex = 0; lastKnownFileType = unknown; name = "Nunito-Regular.ttf"; path = "../assets/fonts/Nunito-Regular.ttf"; sourceTree = "<group>"; };
		4ACC086BCBA8DC5A06729BFC /* Pods-Tidngz-tvOS.debug.xcconfig */ = {isa = PBXFileReference; includeInIndex = 1; lastKnownFileType = text.xcconfig; name = "Pods-Tidngz-tvOS.debug.xcconfig"; path = "Target Support Files/Pods-Tidngz-tvOS/Pods-Tidngz-tvOS.debug.xcconfig"; sourceTree = "<group>"; };
		569E8E383C034EECB04C4E26 /* Lato-Italic.ttf */ = {isa = PBXFileReference; explicitFileType = undefined; fileEncoding = 9; includeInIndex = 0; lastKnownFileType = unknown; name = "Lato-Italic.ttf"; path = "../assets/fonts/Lato-Italic.ttf"; sourceTree = "<group>"; };
		5B820813902645A7A69B3EDA /* Bitter-Regular.ttf */ = {isa = PBXFileReference; explicitFileType = undefined; fileEncoding = 9; includeInIndex = 0; lastKnownFileType = unknown; name = "Bitter-Regular.ttf"; path = "../assets/fonts/Bitter-Regular.ttf"; sourceTree = "<group>"; };
		6CBC4F76B768497592259B12 /* Roboto_medium.ttf */ = {isa = PBXFileReference; explicitFileType = undefined; fileEncoding = 9; includeInIndex = 0; lastKnownFileType = unknown; name = Roboto_medium.ttf; path = "../node_modules/native-base/Fonts/Roboto_medium.ttf"; sourceTree = "<group>"; };
		6EEA0C805D5F41B6A7FC56F0 /* icomoon.ttf */ = {isa = PBXFileReference; explicitFileType = undefined; fileEncoding = 9; includeInIndex = 0; lastKnownFileType = unknown; name = icomoon.ttf; path = ../assets/fonts/icomoon.ttf; sourceTree = "<group>"; };
		707D88979A64673D62602714 /* Pods-Tidngz-tvOSTests.debug.xcconfig */ = {isa = PBXFileReference; includeInIndex = 1; lastKnownFileType = text.xcconfig; name = "Pods-Tidngz-tvOSTests.debug.xcconfig"; path = "Target Support Files/Pods-Tidngz-tvOSTests/Pods-Tidngz-tvOSTests.debug.xcconfig"; sourceTree = "<group>"; };
		73CC87AEE24F4AF7B6C099A3 /* Cinzel-Bold.ttf */ = {isa = PBXFileReference; explicitFileType = undefined; fileEncoding = 9; includeInIndex = 0; lastKnownFileType = unknown; name = "Cinzel-Bold.ttf"; path = "../assets/fonts/Cinzel-Bold.ttf"; sourceTree = "<group>"; };
		789CB4C35DC7A62826DDC2AC /* Pods-Tidngz.release.xcconfig */ = {isa = PBXFileReference; includeInIndex = 1; lastKnownFileType = text.xcconfig; name = "Pods-Tidngz.release.xcconfig"; path = "Target Support Files/Pods-Tidngz/Pods-Tidngz.release.xcconfig"; sourceTree = "<group>"; };
		803C468A22085C02009D4246 /* Fonts */ = {isa = PBXFileReference; lastKnownFileType = folder; name = Fonts; path = "../node_modules/react-native-vector-icons/Fonts"; sourceTree = "<group>"; };
		8069B178224F253B00F94B88 /* icon.png */ = {isa = PBXFileReference; lastKnownFileType = image.png; name = icon.png; path = ../assets/Images/icon.png; sourceTree = "<group>"; };
		80FAB6D92214BCB400597400 /* DVEffects */ = {isa = PBXFileReference; lastKnownFileType = folder; name = DVEffects; path = "../node_modules/react-native-effects-view/DVEffects"; sourceTree = "<group>"; };
		8D41D8D3D9CE4F1081D6E9E6 /* Merienda-Regular.ttf */ = {isa = PBXFileReference; explicitFileType = undefined; fileEncoding = 9; includeInIndex = 0; lastKnownFileType = unknown; name = "Merienda-Regular.ttf"; path = "../assets/fonts/Merienda-Regular.ttf"; sourceTree = "<group>"; };
		8EAECC00A69F4F5C80F315CC /* rubicon-icon-font.ttf */ = {isa = PBXFileReference; explicitFileType = undefined; fileEncoding = 9; includeInIndex = 0; lastKnownFileType = unknown; name = "rubicon-icon-font.ttf"; path = "../node_modules/native-base/Fonts/rubicon-icon-font.ttf"; sourceTree = "<group>"; };
		94E817F2240040D3B0561F64 /* Cinzel-Regular.ttf */ = {isa = PBXFileReference; explicitFileType = undefined; fileEncoding = 9; includeInIndex = 0; lastKnownFileType = unknown; name = "Cinzel-Regular.ttf"; path = "../assets/fonts/Cinzel-Regular.ttf"; sourceTree = "<group>"; };
		9839507F0E5A427B8088640B /* CinzelDecorative-Black.ttf */ = {isa = PBXFileReference; explicitFileType = undefined; fileEncoding = 9; includeInIndex = 0; lastKnownFileType = unknown; name = "CinzelDecorative-Black.ttf"; path = "../assets/fonts/CinzelDecorative-Black.ttf"; sourceTree = "<group>"; };
		9851C085D70D4AC48360D2A4 /* Octicons.ttf */ = {isa = PBXFileReference; explicitFileType = undefined; fileEncoding = 9; includeInIndex = 0; lastKnownFileType = unknown; name = Octicons.ttf; path = "../node_modules/react-native-vector-icons/Fonts/Octicons.ttf"; sourceTree = "<group>"; };
		990CBDAABE1240BA843F74AA /* RNCWebView.xcodeproj */ = {isa = PBXFileReference; explicitFileType = undefined; fileEncoding = 9; includeInIndex = 0; lastKnownFileType = "wrapper.pb-project"; name = RNCWebView.xcodeproj; path = "../node_modules/react-native-webview/ios/RNCWebView.xcodeproj"; sourceTree = "<group>"; };
		A473B4F657E2CB586F563CF8 /* Pods-TidngzTests.release.xcconfig */ = {isa = PBXFileReference; includeInIndex = 1; lastKnownFileType = text.xcconfig; name = "Pods-TidngzTests.release.xcconfig"; path = "Target Support Files/Pods-TidngzTests/Pods-TidngzTests.release.xcconfig"; sourceTree = "<group>"; };
		ACA9CE29E9BD5495BA8142C4 /* libPods-Tidngz-tvOSTests.a */ = {isa = PBXFileReference; explicitFileType = archive.ar; includeInIndex = 0; path = "libPods-Tidngz-tvOSTests.a"; sourceTree = BUILT_PRODUCTS_DIR; };
		B765D82F598340D1AB84F3A8 /* FontAwesome5_Regular.ttf */ = {isa = PBXFileReference; explicitFileType = undefined; fileEncoding = 9; includeInIndex = 0; lastKnownFileType = unknown; name = FontAwesome5_Regular.ttf; path = "../node_modules/native-base/Fonts/FontAwesome5_Regular.ttf"; sourceTree = "<group>"; };
		BAA09E5AAAC24CD6B6FEEF6B /* Ionicons.ttf */ = {isa = PBXFileReference; explicitFileType = undefined; fileEncoding = 9; includeInIndex = 0; lastKnownFileType = unknown; name = Ionicons.ttf; path = "../node_modules/native-base/Fonts/Ionicons.ttf"; sourceTree = "<group>"; };
		C3C3A6F2BAECBE96EBF12A04 /* Pods-TidngzTests.debug.xcconfig */ = {isa = PBXFileReference; includeInIndex = 1; lastKnownFileType = text.xcconfig; name = "Pods-TidngzTests.debug.xcconfig"; path = "Target Support Files/Pods-TidngzTests/Pods-TidngzTests.debug.xcconfig"; sourceTree = "<group>"; };
		C8A2FB8E3C5E483DA5809960 /* Mali-Regular.ttf */ = {isa = PBXFileReference; explicitFileType = undefined; fileEncoding = 9; includeInIndex = 0; lastKnownFileType = unknown; name = "Mali-Regular.ttf"; path = "../assets/fonts/Mali-Regular.ttf"; sourceTree = "<group>"; };
		CE4A00450F1E4FE7A7899CF4 /* Bitter-Bold.ttf */ = {isa = PBXFileReference; explicitFileType = undefined; fileEncoding = 9; includeInIndex = 0; lastKnownFileType = unknown; name = "Bitter-Bold.ttf"; path = "../assets/fonts/Bitter-Bold.ttf"; sourceTree = "<group>"; };
		DBE48AD727B045F6BCDECE48 /* Charmonman-Regular.ttf */ = {isa = PBXFileReference; explicitFileType = undefined; fileEncoding = 9; includeInIndex = 0; lastKnownFileType = unknown; name = "Charmonman-Regular.ttf"; path = "../assets/fonts/Charmonman-Regular.ttf"; sourceTree = "<group>"; };
		DCD8FCE57D8170A7F44D2AAA /* Pods-Tidngz.debug.xcconfig */ = {isa = PBXFileReference; includeInIndex = 1; lastKnownFileType = text.xcconfig; name = "Pods-Tidngz.debug.xcconfig"; path = "Target Support Files/Pods-Tidngz/Pods-Tidngz.debug.xcconfig"; sourceTree = "<group>"; };
		DDF56AE1823A4F21967D2076 /* Cormorant-Regular.ttf */ = {isa = PBXFileReference; explicitFileType = undefined; fileEncoding = 9; includeInIndex = 0; lastKnownFileType = unknown; name = "Cormorant-Regular.ttf"; path = "../assets/fonts/Cormorant-Regular.ttf"; sourceTree = "<group>"; };
		DFFFA1CC4D66449793D3EAC6 /* CinzelDecorative-Regular.ttf */ = {isa = PBXFileReference; explicitFileType = undefined; fileEncoding = 9; includeInIndex = 0; lastKnownFileType = unknown; name = "CinzelDecorative-Regular.ttf"; path = "../assets/fonts/CinzelDecorative-Regular.ttf"; sourceTree = "<group>"; };
		E4D8AC8C20EB48D2A57422FB /* Roboto.ttf */ = {isa = PBXFileReference; explicitFileType = undefined; fileEncoding = 9; includeInIndex = 0; lastKnownFileType = unknown; name = Roboto.ttf; path = "../node_modules/native-base/Fonts/Roboto.ttf"; sourceTree = "<group>"; };
		E84C2C90CC434F9489CACEED /* CormorantUpright-Bold.ttf */ = {isa = PBXFileReference; explicitFileType = undefined; fileEncoding = 9; includeInIndex = 0; lastKnownFileType = unknown; name = "CormorantUpright-Bold.ttf"; path = "../assets/fonts/CormorantUpright-Bold.ttf"; sourceTree = "<group>"; };
		EA6B3292B7D94CD8AFF12FB0 /* libAirMaps.a */ = {isa = PBXFileReference; explicitFileType = undefined; fileEncoding = 9; includeInIndex = 0; lastKnownFileType = archive.ar; path = libAirMaps.a; sourceTree = "<group>"; };
		EB682FEE77AB45FF8AD5C75B /* Monoton-Regular.ttf */ = {isa = PBXFileReference; explicitFileType = undefined; fileEncoding = 9; includeInIndex = 0; lastKnownFileType = unknown; name = "Monoton-Regular.ttf"; path = "../assets/fonts/Monoton-Regular.ttf"; sourceTree = "<group>"; };
		ED297162215061F000B7C4FE /* JavaScriptCore.framework */ = {isa = PBXFileReference; lastKnownFileType = wrapper.framework; name = JavaScriptCore.framework; path = System/Library/Frameworks/JavaScriptCore.framework; sourceTree = SDKROOT; };
		ED2971642150620600B7C4FE /* JavaScriptCore.framework */ = {isa = PBXFileReference; lastKnownFileType = wrapper.framework; name = JavaScriptCore.framework; path = Platforms/AppleTVOS.platform/Developer/SDKs/AppleTVOS12.0.sdk/System/Library/Frameworks/JavaScriptCore.framework; sourceTree = DEVELOPER_DIR; };
		F10B3337E2DC4969B97F5509 /* Zocial.ttf */ = {isa = PBXFileReference; explicitFileType = undefined; fileEncoding = 9; includeInIndex = 0; lastKnownFileType = unknown; name = Zocial.ttf; path = "../node_modules/react-native-vector-icons/Fonts/Zocial.ttf"; sourceTree = "<group>"; };
		F63AC058D05717F3A5E725DC /* libPods-Tidngz.a */ = {isa = PBXFileReference; explicitFileType = archive.ar; includeInIndex = 0; path = "libPods-Tidngz.a"; sourceTree = BUILT_PRODUCTS_DIR; };
		F7F55D8FD3A44AD9BFA2A89B /* Feather.ttf */ = {isa = PBXFileReference; explicitFileType = undefined; fileEncoding = 9; includeInIndex = 0; lastKnownFileType = unknown; name = Feather.ttf; path = "../node_modules/native-base/Fonts/Feather.ttf"; sourceTree = "<group>"; };
		FB32862784DC493DB28DDD9B /* KumarOneOutline-Regular.ttf */ = {isa = PBXFileReference; explicitFileType = undefined; fileEncoding = 9; includeInIndex = 0; lastKnownFileType = unknown; name = "KumarOneOutline-Regular.ttf"; path = "../assets/fonts/KumarOneOutline-Regular.ttf"; sourceTree = "<group>"; };
		FC60F73A8DEE40BC8F2A3D03 /* Entypo.ttf */ = {isa = PBXFileReference; explicitFileType = undefined; fileEncoding = 9; includeInIndex = 0; lastKnownFileType = unknown; name = Entypo.ttf; path = "../node_modules/native-base/Fonts/Entypo.ttf"; sourceTree = "<group>"; };
/* End PBXFileReference section */

/* Begin PBXFrameworksBuildPhase section */
		00E356EB1AD99517003FC87E /* Frameworks */ = {
			isa = PBXFrameworksBuildPhase;
			buildActionMask = 2147483647;
			files = (
				A950A085AF26783863330457 /* libPods-TidngzTests.a in Frameworks */,
			);
			runOnlyForDeploymentPostprocessing = 0;
		};
		13B07F8C1A680F5B00A75B9A /* Frameworks */ = {
			isa = PBXFrameworksBuildPhase;
			buildActionMask = 2147483647;
			files = (
				ED297163215061F000B7C4FE /* JavaScriptCore.framework in Frameworks */,
				E46D348414673E002E45A78A /* libPods-Tidngz.a in Frameworks */,
			);
			runOnlyForDeploymentPostprocessing = 0;
		};
		2D02E4781E0B4A5D006451C7 /* Frameworks */ = {
			isa = PBXFrameworksBuildPhase;
			buildActionMask = 2147483647;
			files = (
				ED2971652150620600B7C4FE /* JavaScriptCore.framework in Frameworks */,
				2D16E6881FA4F8E400B85C8A /* libReact.a in Frameworks */,
				81F0B38BD039E9D6C8EABDB5 /* libPods-Tidngz-tvOS.a in Frameworks */,
			);
			runOnlyForDeploymentPostprocessing = 0;
		};
		2D02E48D1E0B4A5D006451C7 /* Frameworks */ = {
			isa = PBXFrameworksBuildPhase;
			buildActionMask = 2147483647;
			files = (
				82174712B428D65BCD192A69 /* libPods-Tidngz-tvOSTests.a in Frameworks */,
			);
			runOnlyForDeploymentPostprocessing = 0;
		};
/* End PBXFrameworksBuildPhase section */

/* Begin PBXGroup section */
		00E356EF1AD99517003FC87E /* TidngzTests */ = {
			isa = PBXGroup;
			children = (
				00E356F21AD99517003FC87E /* TidngzTests.m */,
				00E356F01AD99517003FC87E /* Supporting Files */,
			);
			path = TidngzTests;
			sourceTree = "<group>";
		};
		00E356F01AD99517003FC87E /* Supporting Files */ = {
			isa = PBXGroup;
			children = (
				00E356F11AD99517003FC87E /* Info.plist */,
			);
			name = "Supporting Files";
			sourceTree = "<group>";
		};
		11B03D903C221A771E1EA210 /* Pods */ = {
			isa = PBXGroup;
			children = (
				DCD8FCE57D8170A7F44D2AAA /* Pods-Tidngz.debug.xcconfig */,
				789CB4C35DC7A62826DDC2AC /* Pods-Tidngz.release.xcconfig */,
				4ACC086BCBA8DC5A06729BFC /* Pods-Tidngz-tvOS.debug.xcconfig */,
				3AE4B9CA548F73FBDE047D8B /* Pods-Tidngz-tvOS.release.xcconfig */,
				707D88979A64673D62602714 /* Pods-Tidngz-tvOSTests.debug.xcconfig */,
				1AD68E443BB399905B4CDB66 /* Pods-Tidngz-tvOSTests.release.xcconfig */,
				C3C3A6F2BAECBE96EBF12A04 /* Pods-TidngzTests.debug.xcconfig */,
				A473B4F657E2CB586F563CF8 /* Pods-TidngzTests.release.xcconfig */,
			);
			path = Pods;
			sourceTree = "<group>";
		};
		13B07FAE1A68108700A75B9A /* Tidngz */ = {
			isa = PBXGroup;
			children = (
				008F07F21AC5B25A0029DE68 /* main.jsbundle */,
				13B07FAF1A68108700A75B9A /* AppDelegate.h */,
				13B07FB01A68108700A75B9A /* AppDelegate.m */,
				13B07FB51A68108700A75B9A /* Images.xcassets */,
				13B07FB61A68108700A75B9A /* Info.plist */,
				13B07FB11A68108700A75B9A /* LaunchScreen.xib */,
				13B07FB71A68108700A75B9A /* main.m */,
				8069B178224F253B00F94B88 /* icon.png */,
			);
			name = Tidngz;
			sourceTree = "<group>";
		};
		2D16E6871FA4F8E400B85C8A /* Frameworks */ = {
			isa = PBXGroup;
			children = (
				ED297162215061F000B7C4FE /* JavaScriptCore.framework */,
				ED2971642150620600B7C4FE /* JavaScriptCore.framework */,
				2D16E6891FA4F8E400B85C8A /* libReact.a */,
				F63AC058D05717F3A5E725DC /* libPods-Tidngz.a */,
				2D7C629B07D616DFFEA858B8 /* libPods-Tidngz-tvOS.a */,
				ACA9CE29E9BD5495BA8142C4 /* libPods-Tidngz-tvOSTests.a */,
				15C0D330087DF8D1CA12EDEB /* libPods-TidngzTests.a */,
			);
			name = Frameworks;
			sourceTree = "<group>";
		};
		800D4DCF22E9D818006AE9EF /* Products */ = {
			isa = PBXGroup;
			children = (
				800D4DF722E9D818006AE9EF /* libRNCWebView.a */,
			);
			name = Products;
			sourceTree = "<group>";
		};
		8029C53C2211955C0076220E /* Recovered References */ = {
			isa = PBXGroup;
			children = (
				EA6B3292B7D94CD8AFF12FB0 /* libAirMaps.a */,
				1CE73FA8B76640A4AAA5AD10 /* libRNCWebView.a */,
			);
			name = "Recovered References";
			sourceTree = "<group>";
		};
		832341AE1AAA6A7D00B99B32 /* Libraries */ = {
			isa = PBXGroup;
			children = (
				990CBDAABE1240BA843F74AA /* RNCWebView.xcodeproj */,
			);
			name = Libraries;
			sourceTree = "<group>";
		};
		83CBB9F61A601CBA00E9B192 = {
			isa = PBXGroup;
			children = (
				80FAB6D92214BCB400597400 /* DVEffects */,
				803C468A22085C02009D4246 /* Fonts */,
				13B07FAE1A68108700A75B9A /* Tidngz */,
				832341AE1AAA6A7D00B99B32 /* Libraries */,
				00E356EF1AD99517003FC87E /* TidngzTests */,
				83CBBA001A601CBA00E9B192 /* Products */,
				2D16E6871FA4F8E400B85C8A /* Frameworks */,
				D2ABB992C2494121A2D72529 /* Resources */,
				8029C53C2211955C0076220E /* Recovered References */,
				11B03D903C221A771E1EA210 /* Pods */,
			);
			indentWidth = 2;
			sourceTree = "<group>";
			tabWidth = 2;
			usesTabs = 0;
		};
		83CBBA001A601CBA00E9B192 /* Products */ = {
			isa = PBXGroup;
			children = (
				13B07F961A680F5B00A75B9A /* Tidngz.app */,
				00E356EE1AD99517003FC87E /* TidngzTests.xctest */,
				2D02E47B1E0B4A5D006451C7 /* Tidngz-tvOS.app */,
				2D02E4901E0B4A5D006451C7 /* Tidngz-tvOSTests.xctest */,
			);
			name = Products;
			sourceTree = "<group>";
		};
		D2ABB992C2494121A2D72529 /* Resources */ = {
			isa = PBXGroup;
			children = (
				2FFEA111A63A4860AF0CAE90 /* Lato-Regular.ttf */,
				CE4A00450F1E4FE7A7899CF4 /* Bitter-Bold.ttf */,
				5B820813902645A7A69B3EDA /* Bitter-Regular.ttf */,
				15848A431FAA42E19B5A6BB9 /* CaveatBrush-Regular.ttf */,
				DBE48AD727B045F6BCDECE48 /* Charmonman-Regular.ttf */,
				94E817F2240040D3B0561F64 /* Cinzel-Regular.ttf */,
				DFFFA1CC4D66449793D3EAC6 /* CinzelDecorative-Regular.ttf */,
				DDF56AE1823A4F21967D2076 /* Cormorant-Regular.ttf */,
				2E06A483500C4B1B9AC99E74 /* CormorantUpright-Regular.ttf */,
				FB32862784DC493DB28DDD9B /* KumarOneOutline-Regular.ttf */,
				C8A2FB8E3C5E483DA5809960 /* Mali-Regular.ttf */,
				8D41D8D3D9CE4F1081D6E9E6 /* Merienda-Regular.ttf */,
				EB682FEE77AB45FF8AD5C75B /* Monoton-Regular.ttf */,
				0FC5FC151F64445A83A28AE1 /* Montez-Regular.ttf */,
				3CC1F1F13DAD4774A68BC309 /* Nunito-Regular.ttf */,
				359B9AE4490B4208BCD84355 /* Sacramento-Regular.ttf */,
				E84C2C90CC434F9489CACEED /* CormorantUpright-Bold.ttf */,
				FC60F73A8DEE40BC8F2A3D03 /* Entypo.ttf */,
				F7F55D8FD3A44AD9BFA2A89B /* Feather.ttf */,
				B765D82F598340D1AB84F3A8 /* FontAwesome5_Regular.ttf */,
				BAA09E5AAAC24CD6B6FEEF6B /* Ionicons.ttf */,
				6CBC4F76B768497592259B12 /* Roboto_medium.ttf */,
				E4D8AC8C20EB48D2A57422FB /* Roboto.ttf */,
				8EAECC00A69F4F5C80F315CC /* rubicon-icon-font.ttf */,
				6EEA0C805D5F41B6A7FC56F0 /* icomoon.ttf */,
				569E8E383C034EECB04C4E26 /* Lato-Italic.ttf */,
				1B3DC5C8D85D4EBCAAF59399 /* icoFont.ttf */,
				05D754CB71DE4DCBA3030285 /* Cinzel-Black.ttf */,
				73CC87AEE24F4AF7B6C099A3 /* Cinzel-Bold.ttf */,
				9839507F0E5A427B8088640B /* CinzelDecorative-Black.ttf */,
				331D0155EF4E4ED796EDB572 /* CinzelDecorative-Bold.ttf */,
				9851C085D70D4AC48360D2A4 /* Octicons.ttf */,
				F10B3337E2DC4969B97F5509 /* Zocial.ttf */,
			);
			name = Resources;
			sourceTree = "<group>";
		};
/* End PBXGroup section */

/* Begin PBXNativeTarget section */
		00E356ED1AD99517003FC87E /* TidngzTests */ = {
			isa = PBXNativeTarget;
			buildConfigurationList = 00E357021AD99517003FC87E /* Build configuration list for PBXNativeTarget "TidngzTests" */;
			buildPhases = (
				3B540FB1F50248D4328A2C9E /* [CP] Check Pods Manifest.lock */,
				00E356EA1AD99517003FC87E /* Sources */,
				00E356EB1AD99517003FC87E /* Frameworks */,
				00E356EC1AD99517003FC87E /* Resources */,
			);
			buildRules = (
			);
			dependencies = (
				00E356F51AD99517003FC87E /* PBXTargetDependency */,
			);
			name = TidngzTests;
			productName = TidngzTests;
			productReference = 00E356EE1AD99517003FC87E /* TidngzTests.xctest */;
			productType = "com.apple.product-type.bundle.unit-test";
		};
		13B07F861A680F5B00A75B9A /* Tidngz */ = {
			isa = PBXNativeTarget;
			buildConfigurationList = 13B07F931A680F5B00A75B9A /* Build configuration list for PBXNativeTarget "Tidngz" */;
			buildPhases = (
				645688AFE039970AF5379C48 /* [CP] Check Pods Manifest.lock */,
				13B07F871A680F5B00A75B9A /* Sources */,
				13B07F8C1A680F5B00A75B9A /* Frameworks */,
				13B07F8E1A680F5B00A75B9A /* Resources */,
				00DD1BFF1BD5951E006B06BC /* Bundle React Native code and images */,
				12038577B87C29F2FCEDE7BF /* [CP] Copy Pods Resources */,
			);
			buildRules = (
			);
			dependencies = (
			);
			name = Tidngz;
			productName = "Hello World";
			productReference = 13B07F961A680F5B00A75B9A /* Tidngz.app */;
			productType = "com.apple.product-type.application";
		};
		2D02E47A1E0B4A5D006451C7 /* Tidngz-tvOS */ = {
			isa = PBXNativeTarget;
			buildConfigurationList = 2D02E4BA1E0B4A5E006451C7 /* Build configuration list for PBXNativeTarget "Tidngz-tvOS" */;
			buildPhases = (
				094E85D81BDA54B67309F37B /* [CP] Check Pods Manifest.lock */,
				2D02E4771E0B4A5D006451C7 /* Sources */,
				2D02E4781E0B4A5D006451C7 /* Frameworks */,
				2D02E4791E0B4A5D006451C7 /* Resources */,
				2D02E4CB1E0B4B27006451C7 /* Bundle React Native Code And Images */,
			);
			buildRules = (
			);
			dependencies = (
			);
			name = "Tidngz-tvOS";
			productName = "Tidngz-tvOS";
			productReference = 2D02E47B1E0B4A5D006451C7 /* Tidngz-tvOS.app */;
			productType = "com.apple.product-type.application";
		};
		2D02E48F1E0B4A5D006451C7 /* Tidngz-tvOSTests */ = {
			isa = PBXNativeTarget;
			buildConfigurationList = 2D02E4BB1E0B4A5E006451C7 /* Build configuration list for PBXNativeTarget "Tidngz-tvOSTests" */;
			buildPhases = (
				4BCF4186BC00C6F68BB3C22B /* [CP] Check Pods Manifest.lock */,
				2D02E48C1E0B4A5D006451C7 /* Sources */,
				2D02E48D1E0B4A5D006451C7 /* Frameworks */,
				2D02E48E1E0B4A5D006451C7 /* Resources */,
			);
			buildRules = (
			);
			dependencies = (
				2D02E4921E0B4A5D006451C7 /* PBXTargetDependency */,
			);
			name = "Tidngz-tvOSTests";
			productName = "Tidngz-tvOSTests";
			productReference = 2D02E4901E0B4A5D006451C7 /* Tidngz-tvOSTests.xctest */;
			productType = "com.apple.product-type.bundle.unit-test";
		};
/* End PBXNativeTarget section */

/* Begin PBXProject section */
		83CBB9F71A601CBA00E9B192 /* Project object */ = {
			isa = PBXProject;
			attributes = {
				LastUpgradeCheck = 940;
				ORGANIZATIONNAME = Facebook;
				TargetAttributes = {
					00E356ED1AD99517003FC87E = {
						CreatedOnToolsVersion = 6.2;
						DevelopmentTeam = MJ932S7M5Q;
						TestTargetID = 13B07F861A680F5B00A75B9A;
					};
					13B07F861A680F5B00A75B9A = {
						DevelopmentTeam = MJ932S7M5Q;
						ProvisioningStyle = Automatic;
					};
					2D02E47A1E0B4A5D006451C7 = {
						CreatedOnToolsVersion = 8.2.1;
						ProvisioningStyle = Automatic;
					};
					2D02E48F1E0B4A5D006451C7 = {
						CreatedOnToolsVersion = 8.2.1;
						ProvisioningStyle = Automatic;
						TestTargetID = 2D02E47A1E0B4A5D006451C7;
					};
				};
			};
			buildConfigurationList = 83CBB9FA1A601CBA00E9B192 /* Build configuration list for PBXProject "Tidngz" */;
			compatibilityVersion = "Xcode 3.2";
			developmentRegion = English;
			hasScannedForEncodings = 0;
			knownRegions = (
				English,
				en,
				Base,
			);
			mainGroup = 83CBB9F61A601CBA00E9B192;
			productRefGroup = 83CBBA001A601CBA00E9B192 /* Products */;
			projectDirPath = "";
			projectReferences = (
				{
					ProductGroup = 800D4DCF22E9D818006AE9EF /* Products */;
					ProjectRef = 990CBDAABE1240BA843F74AA /* RNCWebView.xcodeproj */;
				},
			);
			projectRoot = "";
			targets = (
				13B07F861A680F5B00A75B9A /* Tidngz */,
				00E356ED1AD99517003FC87E /* TidngzTests */,
				2D02E47A1E0B4A5D006451C7 /* Tidngz-tvOS */,
				2D02E48F1E0B4A5D006451C7 /* Tidngz-tvOSTests */,
			);
		};
/* End PBXProject section */

/* Begin PBXReferenceProxy section */
		800D4DF722E9D818006AE9EF /* libRNCWebView.a */ = {
			isa = PBXReferenceProxy;
			fileType = archive.ar;
			path = libRNCWebView.a;
			remoteRef = 800D4DF622E9D818006AE9EF /* PBXContainerItemProxy */;
			sourceTree = BUILT_PRODUCTS_DIR;
		};
/* End PBXReferenceProxy section */

/* Begin PBXResourcesBuildPhase section */
		00E356EC1AD99517003FC87E /* Resources */ = {
			isa = PBXResourcesBuildPhase;
			buildActionMask = 2147483647;
			files = (
			);
			runOnlyForDeploymentPostprocessing = 0;
		};
		13B07F8E1A680F5B00A75B9A /* Resources */ = {
			isa = PBXResourcesBuildPhase;
			buildActionMask = 2147483647;
			files = (
				13B07FBF1A68108700A75B9A /* Images.xcassets in Resources */,
				13B07FBD1A68108700A75B9A /* LaunchScreen.xib in Resources */,
				80FAB7062214BCB400597400 /* DVEffects in Resources */,
				E6EABCC9B55240EBB065A77F /* Lato-Regular.ttf in Resources */,
				E96EC322183A400FB9F0F9BA /* Bitter-Bold.ttf in Resources */,
				49946F14C60341C5872C5B49 /* Bitter-Regular.ttf in Resources */,
				751391BA94BE4121918F8340 /* CaveatBrush-Regular.ttf in Resources */,
				EC44E7468B5249EF9212638A /* Charmonman-Regular.ttf in Resources */,
				CD96AD9E7606402FA198395E /* Cinzel-Regular.ttf in Resources */,
				7C3F991F7D7846F2836F3313 /* CinzelDecorative-Regular.ttf in Resources */,
				D3B51E392E134234BAF30EF0 /* Cormorant-Regular.ttf in Resources */,
				7C6F3ED053414F79A55C9D09 /* CormorantUpright-Regular.ttf in Resources */,
				8069B179224F253B00F94B88 /* icon.png in Resources */,
				D7F06FC635084F8582A7EEF4 /* KumarOneOutline-Regular.ttf in Resources */,
				B88DE79D14734C2AB99D23C5 /* Mali-Regular.ttf in Resources */,
				C31663D0E9184A779EBD562C /* Merienda-Regular.ttf in Resources */,
				6DDE06D4B291444EBC3C1A89 /* Monoton-Regular.ttf in Resources */,
				F0A70A679105468A8E5E4B14 /* Montez-Regular.ttf in Resources */,
				82028F4F6E104FA696655180 /* Nunito-Regular.ttf in Resources */,
				0F713351CDB6472EA2DFB57B /* Sacramento-Regular.ttf in Resources */,
				6B3657BDA2E64AC291C7D8C8 /* CormorantUpright-Bold.ttf in Resources */,
				34C88DFB16F94C9AA85D71AD /* icomoon.ttf in Resources */,
				E93079455ADF43F8BB2F08A4 /* Lato-Italic.ttf in Resources */,
				F963279F2E644B59A83276B7 /* icoFont.ttf in Resources */,
				673DDC5309834DD8B98B300E /* Cinzel-Black.ttf in Resources */,
				58782B87CAFA40C49EEF0308 /* Cinzel-Bold.ttf in Resources */,
				1001E4EC774842419694DDCD /* CinzelDecorative-Black.ttf in Resources */,
				C15FE6B6413F4D67BB3EB87F /* CinzelDecorative-Bold.ttf in Resources */,
			);
			runOnlyForDeploymentPostprocessing = 0;
		};
		2D02E4791E0B4A5D006451C7 /* Resources */ = {
			isa = PBXResourcesBuildPhase;
			buildActionMask = 2147483647;
			files = (
				2D02E4BD1E0B4A84006451C7 /* Images.xcassets in Resources */,
			);
			runOnlyForDeploymentPostprocessing = 0;
		};
		2D02E48E1E0B4A5D006451C7 /* Resources */ = {
			isa = PBXResourcesBuildPhase;
			buildActionMask = 2147483647;
			files = (
			);
			runOnlyForDeploymentPostprocessing = 0;
		};
/* End PBXResourcesBuildPhase section */

/* Begin PBXShellScriptBuildPhase section */
		00DD1BFF1BD5951E006B06BC /* Bundle React Native code and images */ = {
			isa = PBXShellScriptBuildPhase;
			buildActionMask = 2147483647;
			files = (
			);
			inputPaths = (
			);
			name = "Bundle React Native code and images";
			outputPaths = (
			);
			runOnlyForDeploymentPostprocessing = 0;
			shellPath = /bin/sh;
			shellScript = "export NODE_BINARY=node\n../node_modules/react-native/scripts/react-native-xcode.sh\n";
		};
		094E85D81BDA54B67309F37B /* [CP] Check Pods Manifest.lock */ = {
			isa = PBXShellScriptBuildPhase;
			buildActionMask = 2147483647;
			files = (
			);
			inputFileListPaths = (
			);
			inputPaths = (
				"${PODS_PODFILE_DIR_PATH}/Podfile.lock",
				"${PODS_ROOT}/Manifest.lock",
			);
			name = "[CP] Check Pods Manifest.lock";
			outputFileListPaths = (
			);
			outputPaths = (
				"$(DERIVED_FILE_DIR)/Pods-Tidngz-tvOS-checkManifestLockResult.txt",
			);
			runOnlyForDeploymentPostprocessing = 0;
			shellPath = /bin/sh;
			shellScript = "diff \"${PODS_PODFILE_DIR_PATH}/Podfile.lock\" \"${PODS_ROOT}/Manifest.lock\" > /dev/null\nif [ $? != 0 ] ; then\n    # print error to STDERR\n    echo \"error: The sandbox is not in sync with the Podfile.lock. Run 'pod install' or update your CocoaPods installation.\" >&2\n    exit 1\nfi\n# This output is used by Xcode 'outputs' to avoid re-running this script phase.\necho \"SUCCESS\" > \"${SCRIPT_OUTPUT_FILE_0}\"\n";
			showEnvVarsInLog = 0;
		};
		12038577B87C29F2FCEDE7BF /* [CP] Copy Pods Resources */ = {
			isa = PBXShellScriptBuildPhase;
			buildActionMask = 2147483647;
			files = (
			);
			inputPaths = (
				"${PODS_ROOT}/Target Support Files/Pods-Tidngz/Pods-Tidngz-resources.sh",
				"${PODS_ROOT}/../../node_modules/react-native-vector-icons/Fonts/AntDesign.ttf",
				"${PODS_ROOT}/../../node_modules/react-native-vector-icons/Fonts/Entypo.ttf",
				"${PODS_ROOT}/../../node_modules/react-native-vector-icons/Fonts/EvilIcons.ttf",
				"${PODS_ROOT}/../../node_modules/react-native-vector-icons/Fonts/Feather.ttf",
				"${PODS_ROOT}/../../node_modules/react-native-vector-icons/Fonts/FontAwesome.ttf",
				"${PODS_ROOT}/../../node_modules/react-native-vector-icons/Fonts/FontAwesome5_Brands.ttf",
				"${PODS_ROOT}/../../node_modules/react-native-vector-icons/Fonts/FontAwesome5_Regular.ttf",
				"${PODS_ROOT}/../../node_modules/react-native-vector-icons/Fonts/FontAwesome5_Solid.ttf",
				"${PODS_ROOT}/../../node_modules/react-native-vector-icons/Fonts/Fontisto.ttf",
				"${PODS_ROOT}/../../node_modules/react-native-vector-icons/Fonts/Foundation.ttf",
				"${PODS_ROOT}/../../node_modules/react-native-vector-icons/Fonts/Ionicons.ttf",
				"${PODS_ROOT}/../../node_modules/react-native-vector-icons/Fonts/MaterialCommunityIcons.ttf",
				"${PODS_ROOT}/../../node_modules/react-native-vector-icons/Fonts/MaterialIcons.ttf",
				"${PODS_ROOT}/../../node_modules/react-native-vector-icons/Fonts/Octicons.ttf",
				"${PODS_ROOT}/../../node_modules/react-native-vector-icons/Fonts/SimpleLineIcons.ttf",
				"${PODS_ROOT}/../../node_modules/react-native-vector-icons/Fonts/Zocial.ttf",
			);
			name = "[CP] Copy Pods Resources";
			outputPaths = (
				"${TARGET_BUILD_DIR}/${UNLOCALIZED_RESOURCES_FOLDER_PATH}/AntDesign.ttf",
				"${TARGET_BUILD_DIR}/${UNLOCALIZED_RESOURCES_FOLDER_PATH}/Entypo.ttf",
				"${TARGET_BUILD_DIR}/${UNLOCALIZED_RESOURCES_FOLDER_PATH}/EvilIcons.ttf",
				"${TARGET_BUILD_DIR}/${UNLOCALIZED_RESOURCES_FOLDER_PATH}/Feather.ttf",
				"${TARGET_BUILD_DIR}/${UNLOCALIZED_RESOURCES_FOLDER_PATH}/FontAwesome.ttf",
				"${TARGET_BUILD_DIR}/${UNLOCALIZED_RESOURCES_FOLDER_PATH}/FontAwesome5_Brands.ttf",
				"${TARGET_BUILD_DIR}/${UNLOCALIZED_RESOURCES_FOLDER_PATH}/FontAwesome5_Regular.ttf",
				"${TARGET_BUILD_DIR}/${UNLOCALIZED_RESOURCES_FOLDER_PATH}/FontAwesome5_Solid.ttf",
				"${TARGET_BUILD_DIR}/${UNLOCALIZED_RESOURCES_FOLDER_PATH}/Fontisto.ttf",
				"${TARGET_BUILD_DIR}/${UNLOCALIZED_RESOURCES_FOLDER_PATH}/Foundation.ttf",
				"${TARGET_BUILD_DIR}/${UNLOCALIZED_RESOURCES_FOLDER_PATH}/Ionicons.ttf",
				"${TARGET_BUILD_DIR}/${UNLOCALIZED_RESOURCES_FOLDER_PATH}/MaterialCommunityIcons.ttf",
				"${TARGET_BUILD_DIR}/${UNLOCALIZED_RESOURCES_FOLDER_PATH}/MaterialIcons.ttf",
				"${TARGET_BUILD_DIR}/${UNLOCALIZED_RESOURCES_FOLDER_PATH}/Octicons.ttf",
				"${TARGET_BUILD_DIR}/${UNLOCALIZED_RESOURCES_FOLDER_PATH}/SimpleLineIcons.ttf",
				"${TARGET_BUILD_DIR}/${UNLOCALIZED_RESOURCES_FOLDER_PATH}/Zocial.ttf",
			);
			runOnlyForDeploymentPostprocessing = 0;
			shellPath = /bin/sh;
			shellScript = "\"${PODS_ROOT}/Target Support Files/Pods-Tidngz/Pods-Tidngz-resources.sh\"\n";
			showEnvVarsInLog = 0;
		};
		2D02E4CB1E0B4B27006451C7 /* Bundle React Native Code And Images */ = {
			isa = PBXShellScriptBuildPhase;
			buildActionMask = 2147483647;
			files = (
			);
			inputPaths = (
			);
			name = "Bundle React Native Code And Images";
			outputPaths = (
			);
			runOnlyForDeploymentPostprocessing = 0;
			shellPath = /bin/sh;
			shellScript = "export NODE_BINARY=node\n../node_modules/react-native/scripts/react-native-xcode.sh";
		};
		3B540FB1F50248D4328A2C9E /* [CP] Check Pods Manifest.lock */ = {
			isa = PBXShellScriptBuildPhase;
			buildActionMask = 2147483647;
			files = (
			);
			inputFileListPaths = (
			);
			inputPaths = (
				"${PODS_PODFILE_DIR_PATH}/Podfile.lock",
				"${PODS_ROOT}/Manifest.lock",
			);
			name = "[CP] Check Pods Manifest.lock";
			outputFileListPaths = (
			);
			outputPaths = (
				"$(DERIVED_FILE_DIR)/Pods-TidngzTests-checkManifestLockResult.txt",
			);
			runOnlyForDeploymentPostprocessing = 0;
			shellPath = /bin/sh;
			shellScript = "diff \"${PODS_PODFILE_DIR_PATH}/Podfile.lock\" \"${PODS_ROOT}/Manifest.lock\" > /dev/null\nif [ $? != 0 ] ; then\n    # print error to STDERR\n    echo \"error: The sandbox is not in sync with the Podfile.lock. Run 'pod install' or update your CocoaPods installation.\" >&2\n    exit 1\nfi\n# This output is used by Xcode 'outputs' to avoid re-running this script phase.\necho \"SUCCESS\" > \"${SCRIPT_OUTPUT_FILE_0}\"\n";
			showEnvVarsInLog = 0;
		};
		4BCF4186BC00C6F68BB3C22B /* [CP] Check Pods Manifest.lock */ = {
			isa = PBXShellScriptBuildPhase;
			buildActionMask = 2147483647;
			files = (
			);
			inputFileListPaths = (
			);
			inputPaths = (
				"${PODS_PODFILE_DIR_PATH}/Podfile.lock",
				"${PODS_ROOT}/Manifest.lock",
			);
			name = "[CP] Check Pods Manifest.lock";
			outputFileListPaths = (
			);
			outputPaths = (
				"$(DERIVED_FILE_DIR)/Pods-Tidngz-tvOSTests-checkManifestLockResult.txt",
			);
			runOnlyForDeploymentPostprocessing = 0;
			shellPath = /bin/sh;
			shellScript = "diff \"${PODS_PODFILE_DIR_PATH}/Podfile.lock\" \"${PODS_ROOT}/Manifest.lock\" > /dev/null\nif [ $? != 0 ] ; then\n    # print error to STDERR\n    echo \"error: The sandbox is not in sync with the Podfile.lock. Run 'pod install' or update your CocoaPods installation.\" >&2\n    exit 1\nfi\n# This output is used by Xcode 'outputs' to avoid re-running this script phase.\necho \"SUCCESS\" > \"${SCRIPT_OUTPUT_FILE_0}\"\n";
			showEnvVarsInLog = 0;
		};
		645688AFE039970AF5379C48 /* [CP] Check Pods Manifest.lock */ = {
			isa = PBXShellScriptBuildPhase;
			buildActionMask = 2147483647;
			files = (
			);
			inputFileListPaths = (
			);
			inputPaths = (
				"${PODS_PODFILE_DIR_PATH}/Podfile.lock",
				"${PODS_ROOT}/Manifest.lock",
			);
			name = "[CP] Check Pods Manifest.lock";
			outputFileListPaths = (
			);
			outputPaths = (
				"$(DERIVED_FILE_DIR)/Pods-Tidngz-checkManifestLockResult.txt",
			);
			runOnlyForDeploymentPostprocessing = 0;
			shellPath = /bin/sh;
			shellScript = "diff \"${PODS_PODFILE_DIR_PATH}/Podfile.lock\" \"${PODS_ROOT}/Manifest.lock\" > /dev/null\nif [ $? != 0 ] ; then\n    # print error to STDERR\n    echo \"error: The sandbox is not in sync with the Podfile.lock. Run 'pod install' or update your CocoaPods installation.\" >&2\n    exit 1\nfi\n# This output is used by Xcode 'outputs' to avoid re-running this script phase.\necho \"SUCCESS\" > \"${SCRIPT_OUTPUT_FILE_0}\"\n";
			showEnvVarsInLog = 0;
		};
/* End PBXShellScriptBuildPhase section */

/* Begin PBXSourcesBuildPhase section */
		00E356EA1AD99517003FC87E /* Sources */ = {
			isa = PBXSourcesBuildPhase;
			buildActionMask = 2147483647;
			files = (
				00E356F31AD99517003FC87E /* TidngzTests.m in Sources */,
			);
			runOnlyForDeploymentPostprocessing = 0;
		};
		13B07F871A680F5B00A75B9A /* Sources */ = {
			isa = PBXSourcesBuildPhase;
			buildActionMask = 2147483647;
			files = (
				13B07FBC1A68108700A75B9A /* AppDelegate.m in Sources */,
				13B07FC11A68108700A75B9A /* main.m in Sources */,
			);
			runOnlyForDeploymentPostprocessing = 0;
		};
		2D02E4771E0B4A5D006451C7 /* Sources */ = {
			isa = PBXSourcesBuildPhase;
			buildActionMask = 2147483647;
			files = (
				2D02E4BF1E0B4AB3006451C7 /* main.m in Sources */,
				2D02E4BC1E0B4A80006451C7 /* AppDelegate.m in Sources */,
			);
			runOnlyForDeploymentPostprocessing = 0;
		};
		2D02E48C1E0B4A5D006451C7 /* Sources */ = {
			isa = PBXSourcesBuildPhase;
			buildActionMask = 2147483647;
			files = (
				2DCD954D1E0B4F2C00145EB5 /* TidngzTests.m in Sources */,
			);
			runOnlyForDeploymentPostprocessing = 0;
		};
/* End PBXSourcesBuildPhase section */

/* Begin PBXTargetDependency section */
		00E356F51AD99517003FC87E /* PBXTargetDependency */ = {
			isa = PBXTargetDependency;
			target = 13B07F861A680F5B00A75B9A /* Tidngz */;
			targetProxy = 00E356F41AD99517003FC87E /* PBXContainerItemProxy */;
		};
		2D02E4921E0B4A5D006451C7 /* PBXTargetDependency */ = {
			isa = PBXTargetDependency;
			target = 2D02E47A1E0B4A5D006451C7 /* Tidngz-tvOS */;
			targetProxy = 2D02E4911E0B4A5D006451C7 /* PBXContainerItemProxy */;
		};
/* End PBXTargetDependency section */

/* Begin PBXVariantGroup section */
		13B07FB11A68108700A75B9A /* LaunchScreen.xib */ = {
			isa = PBXVariantGroup;
			children = (
				13B07FB21A68108700A75B9A /* Base */,
			);
			name = LaunchScreen.xib;
			path = Tidngz;
			sourceTree = "<group>";
		};
/* End PBXVariantGroup section */

/* Begin XCBuildConfiguration section */
		00E356F61AD99517003FC87E /* Debug */ = {
			isa = XCBuildConfiguration;
			baseConfigurationReference = C3C3A6F2BAECBE96EBF12A04 /* Pods-TidngzTests.debug.xcconfig */;
			buildSettings = {
				BUNDLE_LOADER = "$(TEST_HOST)";
				DEVELOPMENT_TEAM = MJ932S7M5Q;
				GCC_PREPROCESSOR_DEFINITIONS = (
					"DEBUG=1",
					"$(inherited)",
				);
				HEADER_SEARCH_PATHS = (
					"$(inherited)",
					"$(SRCROOT)/../node_modules/react-native-maps/lib/ios/**",
					"$(SRCROOT)/../node_modules/react-native-webview/ios",
				);
				INFOPLIST_FILE = TidngzTests/Info.plist;
				IPHONEOS_DEPLOYMENT_TARGET = 9.0;
				LD_RUNPATH_SEARCH_PATHS = "$(inherited) @executable_path/Frameworks @loader_path/Frameworks";
				LIBRARY_SEARCH_PATHS = (
					"$(inherited)",
					"\"$(SRCROOT)/$(TARGET_NAME)\"",
				);
				OTHER_LDFLAGS = (
					"-ObjC",
					"-lc++",
				);
				PRODUCT_BUNDLE_IDENTIFIER = "org.reactjs.native.example.$(PRODUCT_NAME:rfc1034identifier)";
				PRODUCT_NAME = "$(TARGET_NAME)";
				TEST_HOST = "$(BUILT_PRODUCTS_DIR)/Tidngz.app/Tidngz";
			};
			name = Debug;
		};
		00E356F71AD99517003FC87E /* Release */ = {
			isa = XCBuildConfiguration;
			baseConfigurationReference = A473B4F657E2CB586F563CF8 /* Pods-TidngzTests.release.xcconfig */;
			buildSettings = {
				BUNDLE_LOADER = "$(TEST_HOST)";
				COPY_PHASE_STRIP = NO;
				DEVELOPMENT_TEAM = MJ932S7M5Q;
				HEADER_SEARCH_PATHS = (
					"$(inherited)",
					"$(SRCROOT)/../node_modules/react-native-maps/lib/ios/**",
					"$(SRCROOT)/../node_modules/react-native-webview/ios",
				);
				INFOPLIST_FILE = TidngzTests/Info.plist;
				IPHONEOS_DEPLOYMENT_TARGET = 9.0;
				LD_RUNPATH_SEARCH_PATHS = "$(inherited) @executable_path/Frameworks @loader_path/Frameworks";
				LIBRARY_SEARCH_PATHS = (
					"$(inherited)",
					"\"$(SRCROOT)/$(TARGET_NAME)\"",
				);
				OTHER_LDFLAGS = (
					"-ObjC",
					"-lc++",
				);
				PRODUCT_BUNDLE_IDENTIFIER = "org.reactjs.native.example.$(PRODUCT_NAME:rfc1034identifier)";
				PRODUCT_NAME = "$(TARGET_NAME)";
				TEST_HOST = "$(BUILT_PRODUCTS_DIR)/Tidngz.app/Tidngz";
			};
			name = Release;
		};
		13B07F941A680F5B00A75B9A /* Debug */ = {
			isa = XCBuildConfiguration;
			baseConfigurationReference = DCD8FCE57D8170A7F44D2AAA /* Pods-Tidngz.debug.xcconfig */;
			buildSettings = {
				ALWAYS_SEARCH_USER_PATHS = NO;
				ASSETCATALOG_COMPILER_APPICON_NAME = AppIcon;
				CODE_SIGN_IDENTITY = "iPhone Developer";
				CODE_SIGN_STYLE = Automatic;
				CURRENT_PROJECT_VERSION = 1;
				DEAD_CODE_STRIPPING = NO;
				DEVELOPMENT_TEAM = MJ932S7M5Q;
				HEADER_SEARCH_PATHS = (
					"$(SRCROOT)/../node_modules/react-native-webview/ios",
					"$(SRCROOT)/../node_modules/react-native-splash-screen/ios",
				);
				INFOPLIST_FILE = Tidngz/Info.plist;
				IPHONEOS_DEPLOYMENT_TARGET = 10.0;
				LD_RUNPATH_SEARCH_PATHS = "$(inherited) @executable_path/Frameworks";
				OTHER_LDFLAGS = (
					"$(inherited)",
					"-ObjC",
					"-lc++",
				);
				PRODUCT_BUNDLE_IDENTIFIER = "org.reactjs.native.example.$(PRODUCT_NAME:rfc1034identifier)";
				PRODUCT_NAME = Tidngz;
				PROVISIONING_PROFILE_SPECIFIER = "";
				TARGETED_DEVICE_FAMILY = "1,2";
				VERSIONING_SYSTEM = "apple-generic";
			};
			name = Debug;
		};
		13B07F951A680F5B00A75B9A /* Release */ = {
			isa = XCBuildConfiguration;
			baseConfigurationReference = 789CB4C35DC7A62826DDC2AC /* Pods-Tidngz.release.xcconfig */;
			buildSettings = {
				ALWAYS_SEARCH_USER_PATHS = NO;
				ASSETCATALOG_COMPILER_APPICON_NAME = AppIcon;
				CODE_SIGN_IDENTITY = "iPhone Developer";
				CODE_SIGN_STYLE = Automatic;
				CURRENT_PROJECT_VERSION = 1;
				DEVELOPMENT_TEAM = MJ932S7M5Q;
				HEADER_SEARCH_PATHS = (
					"$(SRCROOT)/../node_modules/react-native-webview/ios",
					"$(SRCROOT)/../node_modules/react-native-splash-screen/ios",
				);
				INFOPLIST_FILE = Tidngz/Info.plist;
				IPHONEOS_DEPLOYMENT_TARGET = 10.0;
				LD_RUNPATH_SEARCH_PATHS = "$(inherited) @executable_path/Frameworks";
				OTHER_LDFLAGS = (
					"$(inherited)",
					"-ObjC",
					"-lc++",
				);
				PRODUCT_BUNDLE_IDENTIFIER = "org.reactjs.native.example.$(PRODUCT_NAME:rfc1034identifier)";
				PRODUCT_NAME = Tidngz;
				PROVISIONING_PROFILE_SPECIFIER = "";
				TARGETED_DEVICE_FAMILY = "1,2";
				VERSIONING_SYSTEM = "apple-generic";
			};
			name = Release;
		};
		2D02E4971E0B4A5E006451C7 /* Debug */ = {
			isa = XCBuildConfiguration;
			baseConfigurationReference = 4ACC086BCBA8DC5A06729BFC /* Pods-Tidngz-tvOS.debug.xcconfig */;
			buildSettings = {
				ASSETCATALOG_COMPILER_APPICON_NAME = "App Icon & Top Shelf Image";
				ASSETCATALOG_COMPILER_LAUNCHIMAGE_NAME = LaunchImage;
				CLANG_ANALYZER_NONNULL = YES;
				CLANG_WARN_DOCUMENTATION_COMMENTS = YES;
				CLANG_WARN_INFINITE_RECURSION = YES;
				CLANG_WARN_SUSPICIOUS_MOVE = YES;
				DEBUG_INFORMATION_FORMAT = dwarf;
				ENABLE_TESTABILITY = YES;
				GCC_NO_COMMON_BLOCKS = YES;
				HEADER_SEARCH_PATHS = (
					"$(inherited)",
					"$(SRCROOT)/../node_modules/react-native-maps/lib/ios/**",
					"$(SRCROOT)/../node_modules/react-native-webview/ios",
				);
				INFOPLIST_FILE = "Tidngz-tvOS/Info.plist";
				LD_RUNPATH_SEARCH_PATHS = "$(inherited) @executable_path/Frameworks";
				LIBRARY_SEARCH_PATHS = (
					"$(inherited)",
					"\"$(SRCROOT)/$(TARGET_NAME)\"",
				);
				OTHER_LDFLAGS = (
					"-ObjC",
					"-lc++",
				);
				PRODUCT_BUNDLE_IDENTIFIER = "com.facebook.REACT.Tidngz-tvOS";
				PRODUCT_NAME = "$(TARGET_NAME)";
				SDKROOT = appletvos;
				TARGETED_DEVICE_FAMILY = 3;
				TVOS_DEPLOYMENT_TARGET = 9.2;
			};
			name = Debug;
		};
		2D02E4981E0B4A5E006451C7 /* Release */ = {
			isa = XCBuildConfiguration;
			baseConfigurationReference = 3AE4B9CA548F73FBDE047D8B /* Pods-Tidngz-tvOS.release.xcconfig */;
			buildSettings = {
				ASSETCATALOG_COMPILER_APPICON_NAME = "App Icon & Top Shelf Image";
				ASSETCATALOG_COMPILER_LAUNCHIMAGE_NAME = LaunchImage;
				CLANG_ANALYZER_NONNULL = YES;
				CLANG_WARN_DOCUMENTATION_COMMENTS = YES;
				CLANG_WARN_INFINITE_RECURSION = YES;
				CLANG_WARN_SUSPICIOUS_MOVE = YES;
				COPY_PHASE_STRIP = NO;
				DEBUG_INFORMATION_FORMAT = "dwarf-with-dsym";
				GCC_NO_COMMON_BLOCKS = YES;
				HEADER_SEARCH_PATHS = (
					"$(inherited)",
					"$(SRCROOT)/../node_modules/react-native-maps/lib/ios/**",
					"$(SRCROOT)/../node_modules/react-native-webview/ios",
				);
				INFOPLIST_FILE = "Tidngz-tvOS/Info.plist";
				LD_RUNPATH_SEARCH_PATHS = "$(inherited) @executable_path/Frameworks";
				LIBRARY_SEARCH_PATHS = (
					"$(inherited)",
					"\"$(SRCROOT)/$(TARGET_NAME)\"",
				);
				OTHER_LDFLAGS = (
					"-ObjC",
					"-lc++",
				);
				PRODUCT_BUNDLE_IDENTIFIER = "com.facebook.REACT.Tidngz-tvOS";
				PRODUCT_NAME = "$(TARGET_NAME)";
				SDKROOT = appletvos;
				TARGETED_DEVICE_FAMILY = 3;
				TVOS_DEPLOYMENT_TARGET = 9.2;
			};
			name = Release;
		};
		2D02E4991E0B4A5E006451C7 /* Debug */ = {
			isa = XCBuildConfiguration;
			baseConfigurationReference = 707D88979A64673D62602714 /* Pods-Tidngz-tvOSTests.debug.xcconfig */;
			buildSettings = {
				BUNDLE_LOADER = "$(TEST_HOST)";
				CLANG_ANALYZER_NONNULL = YES;
				CLANG_WARN_DOCUMENTATION_COMMENTS = YES;
				CLANG_WARN_INFINITE_RECURSION = YES;
				CLANG_WARN_SUSPICIOUS_MOVE = YES;
				DEBUG_INFORMATION_FORMAT = dwarf;
				ENABLE_TESTABILITY = YES;
				GCC_NO_COMMON_BLOCKS = YES;
				HEADER_SEARCH_PATHS = (
					"$(inherited)",
					"$(SRCROOT)/../node_modules/react-native-maps/lib/ios/**",
					"$(SRCROOT)/../node_modules/react-native-webview/ios",
				);
				INFOPLIST_FILE = "Tidngz-tvOSTests/Info.plist";
				LD_RUNPATH_SEARCH_PATHS = "$(inherited) @executable_path/Frameworks @loader_path/Frameworks";
				LIBRARY_SEARCH_PATHS = (
					"$(inherited)",
					"\"$(SRCROOT)/$(TARGET_NAME)\"",
				);
				OTHER_LDFLAGS = (
					"-ObjC",
					"-lc++",
				);
				PRODUCT_BUNDLE_IDENTIFIER = "com.facebook.REACT.Tidngz-tvOSTests";
				PRODUCT_NAME = "$(TARGET_NAME)";
				SDKROOT = appletvos;
				TEST_HOST = "$(BUILT_PRODUCTS_DIR)/Tidngz-tvOS.app/Tidngz-tvOS";
				TVOS_DEPLOYMENT_TARGET = 10.1;
			};
			name = Debug;
		};
		2D02E49A1E0B4A5E006451C7 /* Release */ = {
			isa = XCBuildConfiguration;
			baseConfigurationReference = 1AD68E443BB399905B4CDB66 /* Pods-Tidngz-tvOSTests.release.xcconfig */;
			buildSettings = {
				BUNDLE_LOADER = "$(TEST_HOST)";
				CLANG_ANALYZER_NONNULL = YES;
				CLANG_WARN_DOCUMENTATION_COMMENTS = YES;
				CLANG_WARN_INFINITE_RECURSION = YES;
				CLANG_WARN_SUSPICIOUS_MOVE = YES;
				COPY_PHASE_STRIP = NO;
				DEBUG_INFORMATION_FORMAT = "dwarf-with-dsym";
				GCC_NO_COMMON_BLOCKS = YES;
				HEADER_SEARCH_PATHS = (
					"$(inherited)",
					"$(SRCROOT)/../node_modules/react-native-maps/lib/ios/**",
					"$(SRCROOT)/../node_modules/react-native-webview/ios",
				);
				INFOPLIST_FILE = "Tidngz-tvOSTests/Info.plist";
				LD_RUNPATH_SEARCH_PATHS = "$(inherited) @executable_path/Frameworks @loader_path/Frameworks";
				LIBRARY_SEARCH_PATHS = (
					"$(inherited)",
					"\"$(SRCROOT)/$(TARGET_NAME)\"",
				);
				OTHER_LDFLAGS = (
					"-ObjC",
					"-lc++",
				);
				PRODUCT_BUNDLE_IDENTIFIER = "com.facebook.REACT.Tidngz-tvOSTests";
				PRODUCT_NAME = "$(TARGET_NAME)";
				SDKROOT = appletvos;
				TEST_HOST = "$(BUILT_PRODUCTS_DIR)/Tidngz-tvOS.app/Tidngz-tvOS";
				TVOS_DEPLOYMENT_TARGET = 10.1;
			};
			name = Release;
		};
		83CBBA201A601CBA00E9B192 /* Debug */ = {
			isa = XCBuildConfiguration;
			buildSettings = {
				ALWAYS_SEARCH_USER_PATHS = NO;
				CLANG_CXX_LANGUAGE_STANDARD = "gnu++0x";
				CLANG_CXX_LIBRARY = "libc++";
				CLANG_ENABLE_MODULES = YES;
				CLANG_ENABLE_OBJC_ARC = YES;
				CLANG_WARN_BLOCK_CAPTURE_AUTORELEASING = YES;
				CLANG_WARN_BOOL_CONVERSION = YES;
				CLANG_WARN_COMMA = YES;
				CLANG_WARN_CONSTANT_CONVERSION = YES;
				CLANG_WARN_DEPRECATED_OBJC_IMPLEMENTATIONS = YES;
				CLANG_WARN_DIRECT_OBJC_ISA_USAGE = YES_ERROR;
				CLANG_WARN_EMPTY_BODY = YES;
				CLANG_WARN_ENUM_CONVERSION = YES;
				CLANG_WARN_INFINITE_RECURSION = YES;
				CLANG_WARN_INT_CONVERSION = YES;
				CLANG_WARN_NON_LITERAL_NULL_CONVERSION = YES;
				CLANG_WARN_OBJC_IMPLICIT_RETAIN_SELF = YES;
				CLANG_WARN_OBJC_LITERAL_CONVERSION = YES;
				CLANG_WARN_OBJC_ROOT_CLASS = YES_ERROR;
				CLANG_WARN_RANGE_LOOP_ANALYSIS = YES;
				CLANG_WARN_STRICT_PROTOTYPES = YES;
				CLANG_WARN_SUSPICIOUS_MOVE = YES;
				CLANG_WARN_UNREACHABLE_CODE = YES;
				CLANG_WARN__DUPLICATE_METHOD_MATCH = YES;
				"CODE_SIGN_IDENTITY[sdk=iphoneos*]" = "iPhone Developer";
				COPY_PHASE_STRIP = NO;
				ENABLE_STRICT_OBJC_MSGSEND = YES;
				ENABLE_TESTABILITY = YES;
				GCC_C_LANGUAGE_STANDARD = gnu99;
				GCC_DYNAMIC_NO_PIC = NO;
				GCC_NO_COMMON_BLOCKS = YES;
				GCC_OPTIMIZATION_LEVEL = 0;
				GCC_PREPROCESSOR_DEFINITIONS = (
					"DEBUG=1",
					"$(inherited)",
				);
				GCC_SYMBOLS_PRIVATE_EXTERN = NO;
				GCC_WARN_64_TO_32_BIT_CONVERSION = YES;
				GCC_WARN_ABOUT_RETURN_TYPE = YES_ERROR;
				GCC_WARN_UNDECLARED_SELECTOR = YES;
				GCC_WARN_UNINITIALIZED_AUTOS = YES_AGGRESSIVE;
				GCC_WARN_UNUSED_FUNCTION = YES;
				GCC_WARN_UNUSED_VARIABLE = YES;
				IPHONEOS_DEPLOYMENT_TARGET = 9.0;
				MTL_ENABLE_DEBUG_INFO = YES;
				ONLY_ACTIVE_ARCH = YES;
				SDKROOT = iphoneos;
			};
			name = Debug;
		};
		83CBBA211A601CBA00E9B192 /* Release */ = {
			isa = XCBuildConfiguration;
			buildSettings = {
				ALWAYS_SEARCH_USER_PATHS = NO;
				CLANG_CXX_LANGUAGE_STANDARD = "gnu++0x";
				CLANG_CXX_LIBRARY = "libc++";
				CLANG_ENABLE_MODULES = YES;
				CLANG_ENABLE_OBJC_ARC = YES;
				CLANG_WARN_BLOCK_CAPTURE_AUTORELEASING = YES;
				CLANG_WARN_BOOL_CONVERSION = YES;
				CLANG_WARN_COMMA = YES;
				CLANG_WARN_CONSTANT_CONVERSION = YES;
				CLANG_WARN_DEPRECATED_OBJC_IMPLEMENTATIONS = YES;
				CLANG_WARN_DIRECT_OBJC_ISA_USAGE = YES_ERROR;
				CLANG_WARN_EMPTY_BODY = YES;
				CLANG_WARN_ENUM_CONVERSION = YES;
				CLANG_WARN_INFINITE_RECURSION = YES;
				CLANG_WARN_INT_CONVERSION = YES;
				CLANG_WARN_NON_LITERAL_NULL_CONVERSION = YES;
				CLANG_WARN_OBJC_IMPLICIT_RETAIN_SELF = YES;
				CLANG_WARN_OBJC_LITERAL_CONVERSION = YES;
				CLANG_WARN_OBJC_ROOT_CLASS = YES_ERROR;
				CLANG_WARN_RANGE_LOOP_ANALYSIS = YES;
				CLANG_WARN_STRICT_PROTOTYPES = YES;
				CLANG_WARN_SUSPICIOUS_MOVE = YES;
				CLANG_WARN_UNREACHABLE_CODE = YES;
				CLANG_WARN__DUPLICATE_METHOD_MATCH = YES;
				"CODE_SIGN_IDENTITY[sdk=iphoneos*]" = "iPhone Developer";
				COPY_PHASE_STRIP = YES;
				ENABLE_NS_ASSERTIONS = NO;
				ENABLE_STRICT_OBJC_MSGSEND = YES;
				GCC_C_LANGUAGE_STANDARD = gnu99;
				GCC_NO_COMMON_BLOCKS = YES;
				GCC_WARN_64_TO_32_BIT_CONVERSION = YES;
				GCC_WARN_ABOUT_RETURN_TYPE = YES_ERROR;
				GCC_WARN_UNDECLARED_SELECTOR = YES;
				GCC_WARN_UNINITIALIZED_AUTOS = YES_AGGRESSIVE;
				GCC_WARN_UNUSED_FUNCTION = YES;
				GCC_WARN_UNUSED_VARIABLE = YES;
				IPHONEOS_DEPLOYMENT_TARGET = 9.0;
				MTL_ENABLE_DEBUG_INFO = NO;
				SDKROOT = iphoneos;
				VALIDATE_PRODUCT = YES;
			};
			name = Release;
		};
/* End XCBuildConfiguration section */

/* Begin XCConfigurationList section */
		00E357021AD99517003FC87E /* Build configuration list for PBXNativeTarget "TidngzTests" */ = {
			isa = XCConfigurationList;
			buildConfigurations = (
				00E356F61AD99517003FC87E /* Debug */,
				00E356F71AD99517003FC87E /* Release */,
			);
			defaultConfigurationIsVisible = 0;
			defaultConfigurationName = Release;
		};
		13B07F931A680F5B00A75B9A /* Build configuration list for PBXNativeTarget "Tidngz" */ = {
			isa = XCConfigurationList;
			buildConfigurations = (
				13B07F941A680F5B00A75B9A /* Debug */,
				13B07F951A680F5B00A75B9A /* Release */,
			);
			defaultConfigurationIsVisible = 0;
			defaultConfigurationName = Release;
		};
		2D02E4BA1E0B4A5E006451C7 /* Build configuration list for PBXNativeTarget "Tidngz-tvOS" */ = {
			isa = XCConfigurationList;
			buildConfigurations = (
				2D02E4971E0B4A5E006451C7 /* Debug */,
				2D02E4981E0B4A5E006451C7 /* Release */,
			);
			defaultConfigurationIsVisible = 0;
			defaultConfigurationName = Release;
		};
		2D02E4BB1E0B4A5E006451C7 /* Build configuration list for PBXNativeTarget "Tidngz-tvOSTests" */ = {
			isa = XCConfigurationList;
			buildConfigurations = (
				2D02E4991E0B4A5E006451C7 /* Debug */,
				2D02E49A1E0B4A5E006451C7 /* Release */,
			);
			defaultConfigurationIsVisible = 0;
			defaultConfigurationName = Release;
		};
		83CBB9FA1A601CBA00E9B192 /* Build configuration list for PBXProject "Tidngz" */ = {
			isa = XCConfigurationList;
			buildConfigurations = (
				83CBBA201A601CBA00E9B192 /* Debug */,
				83CBBA211A601CBA00E9B192 /* Release */,
			);
			defaultConfigurationIsVisible = 0;
			defaultConfigurationName = Release;
		};
/* End XCConfigurationList section */
	};
	rootObject = 83CBB9F71A601CBA00E9B192 /* Project object */;
}
